// !$*UTF8*$!
{
	archiveVersion = 1;
	classes = {
	};
	objectVersion = 46;
	objects = {

/* Begin PBXBuildFile section */
		4E3D40D71A19D66500FA92C9 /* AppDelegate.m in Sources */ = {isa = PBXBuildFile; fileRef = 4E3D40D61A19D66500FA92C9 /* AppDelegate.m */; };
		4E3D40D91A19D66500FA92C9 /* main.m in Sources */ = {isa = PBXBuildFile; fileRef = 4E3D40D81A19D66500FA92C9 /* main.m */; };
		4E3D40DB1A19D66500FA92C9 /* Images.xcassets in Resources */ = {isa = PBXBuildFile; fileRef = 4E3D40DA1A19D66500FA92C9 /* Images.xcassets */; };
		4E3D40DE1A19D66500FA92C9 /* MainMenu.xib in Resources */ = {isa = PBXBuildFile; fileRef = 4E3D40DC1A19D66500FA92C9 /* MainMenu.xib */; };
		4E3D40EA1A19D66500FA92C9 /* AudioPlayerTests.m in Sources */ = {isa = PBXBuildFile; fileRef = 4E3D40E91A19D66500FA92C9 /* AudioPlayerTests.m */; };
		4E3D40F41A19D77400FA92C9 /* AVFoundation.framework in Frameworks */ = {isa = PBXBuildFile; fileRef = 4E3D40F31A19D77400FA92C9 /* AVFoundation.framework */; };
		4E3D40FA1A1AF43000FA92C9 /* PlayerViewController.m in Sources */ = {isa = PBXBuildFile; fileRef = 4E3D40F91A1AF43000FA92C9 /* PlayerViewController.m */; };
		4EE3DB1E1A1AEDE60077477E /* INAppStoreWindowSwizzling.c in Sources */ = {isa = PBXBuildFile; fileRef = 4EE3DB131A1AEDE60077477E /* INAppStoreWindowSwizzling.c */; };
		4EE3DB1F1A1AEDE60077477E /* INWindowBackgroundView+CoreUIRendering.m in Sources */ = {isa = PBXBuildFile; fileRef = 4EE3DB161A1AEDE60077477E /* INWindowBackgroundView+CoreUIRendering.m */; };
		4EE3DB201A1AEDE60077477E /* NSDocument+INAppStoreWindowFixes.m in Sources */ = {isa = PBXBuildFile; fileRef = 4EE3DB181A1AEDE60077477E /* NSDocument+INAppStoreWindowFixes.m */; };
		4EE3DB211A1AEDE60077477E /* INAppStoreWindow.m in Sources */ = {isa = PBXBuildFile; fileRef = 4EE3DB1A1A1AEDE60077477E /* INAppStoreWindow.m */; };
		4EE3DB221A1AEDE60077477E /* INWindowButton.m in Sources */ = {isa = PBXBuildFile; fileRef = 4EE3DB1D1A1AEDE60077477E /* INWindowButton.m */; };
		4EE3DB251A1C24AC0077477E /* APNotification.m in Sources */ = {isa = PBXBuildFile; fileRef = 4EE3DB241A1C24AC0077477E /* APNotification.m */; };
/* End PBXBuildFile section */

/* Begin PBXContainerItemProxy section */
		4E3D40E41A19D66500FA92C9 /* PBXContainerItemProxy */ = {
			isa = PBXContainerItemProxy;
			containerPortal = 4E3D40C81A19D66500FA92C9 /* Project object */;
			proxyType = 1;
			remoteGlobalIDString = 4E3D40CF1A19D66500FA92C9;
			remoteInfo = AudioPlayer;
		};
/* End PBXContainerItemProxy section */

/* Begin PBXFileReference section */
		4E3D40D01A19D66500FA92C9 /* AudioPlayer.app */ = {isa = PBXFileReference; explicitFileType = wrapper.application; includeInIndex = 0; path = AudioPlayer.app; sourceTree = BUILT_PRODUCTS_DIR; };
		4E3D40D41A19D66500FA92C9 /* Info.plist */ = {isa = PBXFileReference; lastKnownFileType = text.plist.xml; path = Info.plist; sourceTree = "<group>"; };
		4E3D40D51A19D66500FA92C9 /* AppDelegate.h */ = {isa = PBXFileReference; lastKnownFileType = sourcecode.c.h; path = AppDelegate.h; sourceTree = "<group>"; };
		4E3D40D61A19D66500FA92C9 /* AppDelegate.m */ = {isa = PBXFileReference; lastKnownFileType = sourcecode.c.objc; path = AppDelegate.m; sourceTree = "<group>"; };
		4E3D40D81A19D66500FA92C9 /* main.m */ = {isa = PBXFileReference; lastKnownFileType = sourcecode.c.objc; path = main.m; sourceTree = "<group>"; };
		4E3D40DA1A19D66500FA92C9 /* Images.xcassets */ = {isa = PBXFileReference; lastKnownFileType = folder.assetcatalog; path = Images.xcassets; sourceTree = "<group>"; };
		4E3D40DD1A19D66500FA92C9 /* Base */ = {isa = PBXFileReference; lastKnownFileType = file.xib; name = Base; path = Base.lproj/MainMenu.xib; sourceTree = "<group>"; };
		4E3D40E31A19D66500FA92C9 /* AudioPlayerTests.xctest */ = {isa = PBXFileReference; explicitFileType = wrapper.cfbundle; includeInIndex = 0; path = AudioPlayerTests.xctest; sourceTree = BUILT_PRODUCTS_DIR; };
		4E3D40E81A19D66500FA92C9 /* Info.plist */ = {isa = PBXFileReference; lastKnownFileType = text.plist.xml; path = Info.plist; sourceTree = "<group>"; };
		4E3D40E91A19D66500FA92C9 /* AudioPlayerTests.m */ = {isa = PBXFileReference; lastKnownFileType = sourcecode.c.objc; path = AudioPlayerTests.m; sourceTree = "<group>"; };
		4E3D40F31A19D77400FA92C9 /* AVFoundation.framework */ = {isa = PBXFileReference; lastKnownFileType = wrapper.framework; name = AVFoundation.framework; path = System/Library/Frameworks/AVFoundation.framework; sourceTree = SDKROOT; };
		4E3D40F81A1AF43000FA92C9 /* PlayerViewController.h */ = {isa = PBXFileReference; fileEncoding = 4; lastKnownFileType = sourcecode.c.h; path = PlayerViewController.h; sourceTree = "<group>"; };
		4E3D40F91A1AF43000FA92C9 /* PlayerViewController.m */ = {isa = PBXFileReference; fileEncoding = 4; indentWidth = 4; lastKnownFileType = sourcecode.c.objc; path = PlayerViewController.m; sourceTree = "<group>"; tabWidth = 4; };
		4EE3DB131A1AEDE60077477E /* INAppStoreWindowSwizzling.c */ = {isa = PBXFileReference; fileEncoding = 4; lastKnownFileType = sourcecode.c.c; path = INAppStoreWindowSwizzling.c; sourceTree = "<group>"; };
		4EE3DB141A1AEDE60077477E /* INAppStoreWindowSwizzling.h */ = {isa = PBXFileReference; fileEncoding = 4; lastKnownFileType = sourcecode.c.h; path = INAppStoreWindowSwizzling.h; sourceTree = "<group>"; };
		4EE3DB151A1AEDE60077477E /* INWindowBackgroundView+CoreUIRendering.h */ = {isa = PBXFileReference; fileEncoding = 4; lastKnownFileType = sourcecode.c.h; path = "INWindowBackgroundView+CoreUIRendering.h"; sourceTree = "<group>"; };
		4EE3DB161A1AEDE60077477E /* INWindowBackgroundView+CoreUIRendering.m */ = {isa = PBXFileReference; fileEncoding = 4; lastKnownFileType = sourcecode.c.objc; path = "INWindowBackgroundView+CoreUIRendering.m"; sourceTree = "<group>"; };
		4EE3DB171A1AEDE60077477E /* NSDocument+INAppStoreWindowFixes.h */ = {isa = PBXFileReference; fileEncoding = 4; lastKnownFileType = sourcecode.c.h; path = "NSDocument+INAppStoreWindowFixes.h"; sourceTree = "<group>"; };
		4EE3DB181A1AEDE60077477E /* NSDocument+INAppStoreWindowFixes.m */ = {isa = PBXFileReference; fileEncoding = 4; lastKnownFileType = sourcecode.c.objc; path = "NSDocument+INAppStoreWindowFixes.m"; sourceTree = "<group>"; };
		4EE3DB191A1AEDE60077477E /* INAppStoreWindow.h */ = {isa = PBXFileReference; fileEncoding = 4; lastKnownFileType = sourcecode.c.h; path = INAppStoreWindow.h; sourceTree = "<group>"; };
		4EE3DB1A1A1AEDE60077477E /* INAppStoreWindow.m */ = {isa = PBXFileReference; fileEncoding = 4; lastKnownFileType = sourcecode.c.objc; path = INAppStoreWindow.m; sourceTree = "<group>"; };
		4EE3DB1B1A1AEDE60077477E /* INAppStoreWindowCompatibility.h */ = {isa = PBXFileReference; fileEncoding = 4; lastKnownFileType = sourcecode.c.h; path = INAppStoreWindowCompatibility.h; sourceTree = "<group>"; };
		4EE3DB1C1A1AEDE60077477E /* INWindowButton.h */ = {isa = PBXFileReference; fileEncoding = 4; lastKnownFileType = sourcecode.c.h; path = INWindowButton.h; sourceTree = "<group>"; };
		4EE3DB1D1A1AEDE60077477E /* INWindowButton.m */ = {isa = PBXFileReference; fileEncoding = 4; lastKnownFileType = sourcecode.c.objc; path = INWindowButton.m; sourceTree = "<group>"; };
		4EE3DB231A1C24AC0077477E /* APNotification.h */ = {isa = PBXFileReference; fileEncoding = 4; lastKnownFileType = sourcecode.c.h; path = APNotification.h; sourceTree = "<group>"; };
		4EE3DB241A1C24AC0077477E /* APNotification.m */ = {isa = PBXFileReference; fileEncoding = 4; lastKnownFileType = sourcecode.c.objc; path = APNotification.m; sourceTree = "<group>"; };
/* End PBXFileReference section */

/* Begin PBXFrameworksBuildPhase section */
		4E3D40CD1A19D66500FA92C9 /* Frameworks */ = {
			isa = PBXFrameworksBuildPhase;
			buildActionMask = 2147483647;
			files = (
				4E3D40F41A19D77400FA92C9 /* AVFoundation.framework in Frameworks */,
			);
			runOnlyForDeploymentPostprocessing = 0;
		};
		4E3D40E01A19D66500FA92C9 /* Frameworks */ = {
			isa = PBXFrameworksBuildPhase;
			buildActionMask = 2147483647;
			files = (
			);
			runOnlyForDeploymentPostprocessing = 0;
		};
/* End PBXFrameworksBuildPhase section */

/* Begin PBXGroup section */
		4E3D40C71A19D66500FA92C9 = {
			isa = PBXGroup;
			children = (
				4E3D40F31A19D77400FA92C9 /* AVFoundation.framework */,
				4E3D40D21A19D66500FA92C9 /* AudioPlayer */,
				4E3D40E61A19D66500FA92C9 /* AudioPlayerTests */,
				4E3D40D11A19D66500FA92C9 /* Products */,
				4EE3DB111A1AEDE60077477E /* INAppStoreWindow */,
			);
			sourceTree = "<group>";
		};
		4E3D40D11A19D66500FA92C9 /* Products */ = {
			isa = PBXGroup;
			children = (
				4E3D40D01A19D66500FA92C9 /* AudioPlayer.app */,
				4E3D40E31A19D66500FA92C9 /* AudioPlayerTests.xctest */,
			);
			name = Products;
			sourceTree = "<group>";
		};
		4E3D40D21A19D66500FA92C9 /* AudioPlayer */ = {
			isa = PBXGroup;
			children = (
				4E3D40D51A19D66500FA92C9 /* AppDelegate.h */,
				4E3D40D61A19D66500FA92C9 /* AppDelegate.m */,
				4EE3DB231A1C24AC0077477E /* APNotification.h */,
				4EE3DB241A1C24AC0077477E /* APNotification.m */,
				4E3D40DA1A19D66500FA92C9 /* Images.xcassets */,
				4E3D40DC1A19D66500FA92C9 /* MainMenu.xib */,
				4E3D40D31A19D66500FA92C9 /* Supporting Files */,
				4E3D40F81A1AF43000FA92C9 /* PlayerViewController.h */,
				4E3D40F91A1AF43000FA92C9 /* PlayerViewController.m */,
			);
			path = AudioPlayer;
			sourceTree = "<group>";
		};
		4E3D40D31A19D66500FA92C9 /* Supporting Files */ = {
			isa = PBXGroup;
			children = (
				4E3D40D41A19D66500FA92C9 /* Info.plist */,
				4E3D40D81A19D66500FA92C9 /* main.m */,
			);
			name = "Supporting Files";
			sourceTree = "<group>";
		};
		4E3D40E61A19D66500FA92C9 /* AudioPlayerTests */ = {
			isa = PBXGroup;
			children = (
				4E3D40E91A19D66500FA92C9 /* AudioPlayerTests.m */,
				4E3D40E71A19D66500FA92C9 /* Supporting Files */,
			);
			path = AudioPlayerTests;
			sourceTree = "<group>";
		};
		4E3D40E71A19D66500FA92C9 /* Supporting Files */ = {
			isa = PBXGroup;
			children = (
				4E3D40E81A19D66500FA92C9 /* Info.plist */,
			);
			name = "Supporting Files";
			sourceTree = "<group>";
		};
		4EE3DB111A1AEDE60077477E /* INAppStoreWindow */ = {
			isa = PBXGroup;
			children = (
				4EE3DB121A1AEDE60077477E /* Extensions */,
				4EE3DB191A1AEDE60077477E /* INAppStoreWindow.h */,
				4EE3DB1A1A1AEDE60077477E /* INAppStoreWindow.m */,
				4EE3DB1B1A1AEDE60077477E /* INAppStoreWindowCompatibility.h */,
				4EE3DB1C1A1AEDE60077477E /* INWindowButton.h */,
				4EE3DB1D1A1AEDE60077477E /* INWindowButton.m */,
			);
			path = INAppStoreWindow;
			sourceTree = "<group>";
		};
		4EE3DB121A1AEDE60077477E /* Extensions */ = {
			isa = PBXGroup;
			children = (
				4EE3DB131A1AEDE60077477E /* INAppStoreWindowSwizzling.c */,
				4EE3DB141A1AEDE60077477E /* INAppStoreWindowSwizzling.h */,
				4EE3DB151A1AEDE60077477E /* INWindowBackgroundView+CoreUIRendering.h */,
				4EE3DB161A1AEDE60077477E /* INWindowBackgroundView+CoreUIRendering.m */,
				4EE3DB171A1AEDE60077477E /* NSDocument+INAppStoreWindowFixes.h */,
				4EE3DB181A1AEDE60077477E /* NSDocument+INAppStoreWindowFixes.m */,
			);
			path = Extensions;
			sourceTree = "<group>";
		};
/* End PBXGroup section */

/* Begin PBXNativeTarget section */
		4E3D40CF1A19D66500FA92C9 /* AudioPlayer */ = {
			isa = PBXNativeTarget;
			buildConfigurationList = 4E3D40ED1A19D66500FA92C9 /* Build configuration list for PBXNativeTarget "AudioPlayer" */;
			buildPhases = (
				4E3D40CC1A19D66500FA92C9 /* Sources */,
				4E3D40CD1A19D66500FA92C9 /* Frameworks */,
				4E3D40CE1A19D66500FA92C9 /* Resources */,
			);
			buildRules = (
			);
			dependencies = (
			);
			name = AudioPlayer;
			productName = AudioPlayer;
			productReference = 4E3D40D01A19D66500FA92C9 /* AudioPlayer.app */;
			productType = "com.apple.product-type.application";
		};
		4E3D40E21A19D66500FA92C9 /* AudioPlayerTests */ = {
			isa = PBXNativeTarget;
			buildConfigurationList = 4E3D40F01A19D66500FA92C9 /* Build configuration list for PBXNativeTarget "AudioPlayerTests" */;
			buildPhases = (
				4E3D40DF1A19D66500FA92C9 /* Sources */,
				4E3D40E01A19D66500FA92C9 /* Frameworks */,
				4E3D40E11A19D66500FA92C9 /* Resources */,
			);
			buildRules = (
			);
			dependencies = (
				4E3D40E51A19D66500FA92C9 /* PBXTargetDependency */,
			);
			name = AudioPlayerTests;
			productName = AudioPlayerTests;
			productReference = 4E3D40E31A19D66500FA92C9 /* AudioPlayerTests.xctest */;
			productType = "com.apple.product-type.bundle.unit-test";
		};
/* End PBXNativeTarget section */

/* Begin PBXProject section */
		4E3D40C81A19D66500FA92C9 /* Project object */ = {
			isa = PBXProject;
			attributes = {
				LastUpgradeCheck = 0610;
				ORGANIZATIONNAME = menemone.com;
				TargetAttributes = {
					4E3D40CF1A19D66500FA92C9 = {
						CreatedOnToolsVersion = 6.1;
					};
					4E3D40E21A19D66500FA92C9 = {
						CreatedOnToolsVersion = 6.1;
						TestTargetID = 4E3D40CF1A19D66500FA92C9;
					};
				};
			};
			buildConfigurationList = 4E3D40CB1A19D66500FA92C9 /* Build configuration list for PBXProject "AudioPlayer" */;
			compatibilityVersion = "Xcode 3.2";
			developmentRegion = English;
			hasScannedForEncodings = 0;
			knownRegions = (
				en,
				Base,
			);
			mainGroup = 4E3D40C71A19D66500FA92C9;
			productRefGroup = 4E3D40D11A19D66500FA92C9 /* Products */;
			projectDirPath = "";
			projectRoot = "";
			targets = (
				4E3D40CF1A19D66500FA92C9 /* AudioPlayer */,
				4E3D40E21A19D66500FA92C9 /* AudioPlayerTests */,
			);
		};
/* End PBXProject section */

/* Begin PBXResourcesBuildPhase section */
		4E3D40CE1A19D66500FA92C9 /* Resources */ = {
			isa = PBXResourcesBuildPhase;
			buildActionMask = 2147483647;
			files = (
				4E3D40DB1A19D66500FA92C9 /* Images.xcassets in Resources */,
				4E3D40DE1A19D66500FA92C9 /* MainMenu.xib in Resources */,
			);
			runOnlyForDeploymentPostprocessing = 0;
		};
		4E3D40E11A19D66500FA92C9 /* Resources */ = {
			isa = PBXResourcesBuildPhase;
			buildActionMask = 2147483647;
			files = (
			);
			runOnlyForDeploymentPostprocessing = 0;
		};
/* End PBXResourcesBuildPhase section */

/* Begin PBXSourcesBuildPhase section */
		4E3D40CC1A19D66500FA92C9 /* Sources */ = {
			isa = PBXSourcesBuildPhase;
			buildActionMask = 2147483647;
			files = (
				4EE3DB251A1C24AC0077477E /* APNotification.m in Sources */,
				4EE3DB211A1AEDE60077477E /* INAppStoreWindow.m in Sources */,
				4EE3DB201A1AEDE60077477E /* NSDocument+INAppStoreWindowFixes.m in Sources */,
				4E3D40D91A19D66500FA92C9 /* main.m in Sources */,
				4EE3DB221A1AEDE60077477E /* INWindowButton.m in Sources */,
				4EE3DB1F1A1AEDE60077477E /* INWindowBackgroundView+CoreUIRendering.m in Sources */,
				4E3D40FA1A1AF43000FA92C9 /* PlayerViewController.m in Sources */,
				4EE3DB1E1A1AEDE60077477E /* INAppStoreWindowSwizzling.c in Sources */,
				4E3D40D71A19D66500FA92C9 /* AppDelegate.m in Sources */,
			);
			runOnlyForDeploymentPostprocessing = 0;
		};
		4E3D40DF1A19D66500FA92C9 /* Sources */ = {
			isa = PBXSourcesBuildPhase;
			buildActionMask = 2147483647;
			files = (
				4E3D40EA1A19D66500FA92C9 /* AudioPlayerTests.m in Sources */,
			);
			runOnlyForDeploymentPostprocessing = 0;
		};
/* End PBXSourcesBuildPhase section */

/* Begin PBXTargetDependency section */
		4E3D40E51A19D66500FA92C9 /* PBXTargetDependency */ = {
			isa = PBXTargetDependency;
			target = 4E3D40CF1A19D66500FA92C9 /* AudioPlayer */;
			targetProxy = 4E3D40E41A19D66500FA92C9 /* PBXContainerItemProxy */;
		};
/* End PBXTargetDependency section */

/* Begin PBXVariantGroup section */
		4E3D40DC1A19D66500FA92C9 /* MainMenu.xib */ = {
			isa = PBXVariantGroup;
			children = (
				4E3D40DD1A19D66500FA92C9 /* Base */,
			);
			name = MainMenu.xib;
			sourceTree = "<group>";
		};
/* End PBXVariantGroup section */

/* Begin XCBuildConfiguration section */
		4E3D40EB1A19D66500FA92C9 /* Debug */ = {
			isa = XCBuildConfiguration;
			buildSettings = {
				ALWAYS_SEARCH_USER_PATHS = NO;
				CLANG_CXX_LANGUAGE_STANDARD = "gnu++0x";
				CLANG_CXX_LIBRARY = "libc++";
				CLANG_ENABLE_MODULES = YES;
				CLANG_ENABLE_OBJC_ARC = YES;
				CLANG_WARN_BOOL_CONVERSION = YES;
				CLANG_WARN_CONSTANT_CONVERSION = YES;
				CLANG_WARN_DIRECT_OBJC_ISA_USAGE = YES_ERROR;
				CLANG_WARN_EMPTY_BODY = YES;
				CLANG_WARN_ENUM_CONVERSION = YES;
				CLANG_WARN_INT_CONVERSION = YES;
				CLANG_WARN_OBJC_ROOT_CLASS = YES_ERROR;
				CLANG_WARN_UNREACHABLE_CODE = YES;
				CLANG_WARN__DUPLICATE_METHOD_MATCH = YES;
				CODE_SIGN_IDENTITY = "-";
				COPY_PHASE_STRIP = NO;
				ENABLE_STRICT_OBJC_MSGSEND = YES;
				GCC_C_LANGUAGE_STANDARD = gnu99;
				GCC_DYNAMIC_NO_PIC = NO;
				GCC_OPTIMIZATION_LEVEL = 0;
				GCC_PREPROCESSOR_DEFINITIONS = (
					"DEBUG=1",
					"$(inherited)",
				);
				GCC_SYMBOLS_PRIVATE_EXTERN = NO;
				GCC_WARN_64_TO_32_BIT_CONVERSION = YES;
				GCC_WARN_ABOUT_RETURN_TYPE = YES_ERROR;
				GCC_WARN_UNDECLARED_SELECTOR = YES;
				GCC_WARN_UNINITIALIZED_AUTOS = YES_AGGRESSIVE;
				GCC_WARN_UNUSED_FUNCTION = YES;
				GCC_WARN_UNUSED_VARIABLE = YES;
				MACOSX_DEPLOYMENT_TARGET = 10.10;
				MTL_ENABLE_DEBUG_INFO = YES;
				ONLY_ACTIVE_ARCH = YES;
				SDKROOT = macosx;
			};
			name = Debug;
		};
		4E3D40EC1A19D66500FA92C9 /* Release */ = {
			isa = XCBuildConfiguration;
			buildSettings = {
				ALWAYS_SEARCH_USER_PATHS = NO;
				CLANG_CXX_LANGUAGE_STANDARD = "gnu++0x";
				CLANG_CXX_LIBRARY = "libc++";
				CLANG_ENABLE_MODULES = YES;
				CLANG_ENABLE_OBJC_ARC = YES;
				CLANG_WARN_BOOL_CONVERSION = YES;
				CLANG_WARN_CONSTANT_CONVERSION = YES;
				CLANG_WARN_DIRECT_OBJC_ISA_USAGE = YES_ERROR;
				CLANG_WARN_EMPTY_BODY = YES;
				CLANG_WARN_ENUM_CONVERSION = YES;
				CLANG_WARN_INT_CONVERSION = YES;
				CLANG_WARN_OBJC_ROOT_CLASS = YES_ERROR;
				CLANG_WARN_UNREACHABLE_CODE = YES;
				CLANG_WARN__DUPLICATE_METHOD_MATCH = YES;
				CODE_SIGN_IDENTITY = "-";
				COPY_PHASE_STRIP = YES;
				DEBUG_INFORMATION_FORMAT = "dwarf-with-dsym";
				ENABLE_NS_ASSERTIONS = NO;
				ENABLE_STRICT_OBJC_MSGSEND = YES;
				GCC_C_LANGUAGE_STANDARD = gnu99;
				GCC_WARN_64_TO_32_BIT_CONVERSION = YES;
				GCC_WARN_ABOUT_RETURN_TYPE = YES_ERROR;
				GCC_WARN_UNDECLARED_SELECTOR = YES;
				GCC_WARN_UNINITIALIZED_AUTOS = YES_AGGRESSIVE;
				GCC_WARN_UNUSED_FUNCTION = YES;
				GCC_WARN_UNUSED_VARIABLE = YES;
				MACOSX_DEPLOYMENT_TARGET = 10.10;
				MTL_ENABLE_DEBUG_INFO = NO;
				SDKROOT = macosx;
			};
			name = Release;
		};
		4E3D40EE1A19D66500FA92C9 /* Debug */ = {
			isa = XCBuildConfiguration;
			buildSettings = {
				ASSETCATALOG_COMPILER_APPICON_NAME = AppIcon;
				COMBINE_HIDPI_IMAGES = YES;
				INFOPLIST_FILE = AudioPlayer/Info.plist;
				LD_RUNPATH_SEARCH_PATHS = "$(inherited) @executable_path/../Frameworks";
				PRODUCT_NAME = "$(TARGET_NAME)";
			};
			name = Debug;
		};
		4E3D40EF1A19D66500FA92C9 /* Release */ = {
			isa = XCBuildConfiguration;
			buildSettings = {
				ASSETCATALOG_COMPILER_APPICON_NAME = AppIcon;
				COMBINE_HIDPI_IMAGES = YES;
				INFOPLIST_FILE = AudioPlayer/Info.plist;
				LD_RUNPATH_SEARCH_PATHS = "$(inherited) @executable_path/../Frameworks";
				PRODUCT_NAME = "$(TARGET_NAME)";
			};
			name = Release;
		};
		4E3D40F11A19D66500FA92C9 /* Debug */ = {
			isa = XCBuildConfiguration;
			buildSettings = {
				BUNDLE_LOADER = "$(TEST_HOST)";
				COMBINE_HIDPI_IMAGES = YES;
				FRAMEWORK_SEARCH_PATHS = (
					"$(DEVELOPER_FRAMEWORKS_DIR)",
					"$(inherited)",
				);
				GCC_PREPROCESSOR_DEFINITIONS = (
					"DEBUG=1",
					"$(inherited)",
				);
				INFOPLIST_FILE = AudioPlayerTests/Info.plist;
				LD_RUNPATH_SEARCH_PATHS = "$(inherited) @executable_path/../Frameworks @loader_path/../Frameworks";
				PRODUCT_NAME = "$(TARGET_NAME)";
				TEST_HOST = "$(BUILT_PRODUCTS_DIR)/AudioPlayer.app/Contents/MacOS/AudioPlayer";
			};
			name = Debug;
		};
		4E3D40F21A19D66500FA92C9 /* Release */ = {
			isa = XCBuildConfiguration;
			buildSettings = {
				BUNDLE_LOADER = "$(TEST_HOST)";
				COMBINE_HIDPI_IMAGES = YES;
				FRAMEWORK_SEARCH_PATHS = (
					"$(DEVELOPER_FRAMEWORKS_DIR)",
					"$(inherited)",
				);
				INFOPLIST_FILE = AudioPlayerTests/Info.plist;
				LD_RUNPATH_SEARCH_PATHS = "$(inherited) @executable_path/../Frameworks @loader_path/../Frameworks";
				PRODUCT_NAME = "$(TARGET_NAME)";
				TEST_HOST = "$(BUILT_PRODUCTS_DIR)/AudioPlayer.app/Contents/MacOS/AudioPlayer";
			};
			name = Release;
		};
/* End XCBuildConfiguration section */

/* Begin XCConfigurationList section */
		4E3D40CB1A19D66500FA92C9 /* Build configuration list for PBXProject "AudioPlayer" */ = {
			isa = XCConfigurationList;
			buildConfigurations = (
				4E3D40EB1A19D66500FA92C9 /* Debug */,
				4E3D40EC1A19D66500FA92C9 /* Release */,
			);
			defaultConfigurationIsVisible = 0;
			defaultConfigurationName = Release;
		};
		4E3D40ED1A19D66500FA92C9 /* Build configuration list for PBXNativeTarget "AudioPlayer" */ = {
			isa = XCConfigurationList;
			buildConfigurations = (
				4E3D40EE1A19D66500FA92C9 /* Debug */,
				4E3D40EF1A19D66500FA92C9 /* Release */,
			);
			defaultConfigurationIsVisible = 0;
			defaultConfigurationName = Release;
		};
		4E3D40F01A19D66500FA92C9 /* Build configuration list for PBXNativeTarget "AudioPlayerTests" */ = {
			isa = XCConfigurationList;
			buildConfigurations = (
				4E3D40F11A19D66500FA92C9 /* Debug */,
				4E3D40F21A19D66500FA92C9 /* Release */,
			);
			defaultConfigurationIsVisible = 0;
			defaultConfigurationName = Release;
		};
/* End XCConfigurationList section */
	};
	rootObject = 4E3D40C81A19D66500FA92C9 /* Project object */;
}
